
Microsoft Visual Studio Solution File, Format Version 12.00
# Visual Studio 14
VisualStudioVersion = 14.0.25420.1
MinimumVisualStudioVersion = 10.0.40219.1
Project("{FAE04EC0-301F-11D3-BF4B-00C04F79EFBC}") = "FinalProject", "FinalProject\FinalProject.csproj", "{383831C5-96E7-4996-B3D0-DF8B9BC24F20}"
EndProject
Project("{FAE04EC0-301F-11D3-BF4B-00C04F79EFBC}") = "FinalProject.DAL", "FinalProject.DAL\FinalProject.DAL.csproj", "{53DB5719-49E0-4A80-A169-26231654CA95}"
EndProject
Project("{FAE04EC0-301F-11D3-BF4B-00C04F79EFBC}") = "FinalProject.BL", "FinalProject.BL\FinalProject.BL.csproj", "{8C5F2320-9262-4857-91F5-AC569EE22772}"
EndProject
Project("{FAE04EC0-301F-11D3-BF4B-00C04F79EFBC}") = "FinalProject.Entities", "FinalProject.Entities\FinalProject.Entities.csproj", "{2F3EC92D-8284-487E-BEB3-AE96E4A4162F}"
EndProject
Global
	GlobalSection(SolutionConfigurationPlatforms) = preSolution
		Debug|Any CPU = Debug|Any CPU
		Release|Any CPU = Release|Any CPU
	EndGlobalSection
	GlobalSection(ProjectConfigurationPlatforms) = postSolution
		{383831C5-96E7-4996-B3D0-DF8B9BC24F20}.Debug|Any CPU.ActiveCfg = Debug|Any CPU
		{383831C5-96E7-4996-B3D0-DF8B9BC24F20}.Debug|Any CPU.Build.0 = Debug|Any CPU
		{383831C5-96E7-4996-B3D0-DF8B9BC24F20}.Release|Any CPU.ActiveCfg = Release|Any CPU
		{383831C5-96E7-4996-B3D0-DF8B9BC24F20}.Release|Any CPU.Build.0 = Release|Any CPU
		{53DB5719-49E0-4A80-A169-26231654CA95}.Debug|Any CPU.ActiveCfg = Debug|Any CPU
		{53DB5719-49E0-4A80-A169-26231654CA95}.Debug|Any CPU.Build.0 = Debug|Any CPU
		{53DB5719-49E0-4A80-A169-26231654CA95}.Release|Any CPU.ActiveCfg = Release|Any CPU
		{53DB5719-49E0-4A80-A169-26231654CA95}.Release|Any CPU.Build.0 = Release|Any CPU
		{8C5F2320-9262-4857-91F5-AC569EE22772}.Debug|Any CPU.ActiveCfg = Debug|Any CPU
		{8C5F2320-9262-4857-91F5-AC569EE22772}.Debug|Any CPU.Build.0 = Debug|Any CPU
		{8C5F2320-9262-4857-91F5-AC569EE22772}.Release|Any CPU.ActiveCfg = Release|Any CPU
		{8C5F2320-9262-4857-91F5-AC569EE22772}.Release|Any CPU.Build.0 = Release|Any CPU
		{2F3EC92D-8284-487E-BEB3-AE96E4A4162F}.Debug|Any CPU.ActiveCfg = Debug|Any CPU
		{2F3EC92D-8284-487E-BEB3-AE96E4A4162F}.Debug|Any CPU.Build.0 = Debug|Any CPU
		{2F3EC92D-8284-487E-BEB3-AE96E4A4162F}.Release|Any CPU.ActiveCfg = Release|Any CPU
		{2F3EC92D-8284-487E-BEB3-AE96E4A4162F}.Release|Any CPU.Build.0 = Release|Any CPU
	EndGlobalSection
	GlobalSection(SolutionProperties) = preSolution
		HideSolutionNode = FALSE
	EndGlobalSection
EndGlobal
